
Microsoft Visual Studio Solution File, Format Version 12.00
# Visual Studio Version 17
VisualStudioVersion = 17.10.35013.160
MinimumVisualStudioVersion = 10.0.40219.1
Project("{FAE04EC0-301F-11D3-BF4B-00C04F79EFBC}") = "SCOPI", "SCOPI\SCOPI.csproj", "{83D4E75C-277A-4A72-8779-D64CF4C7A7E1}"
EndProject
Global
	GlobalSection(SolutionConfigurationPlatforms) = preSolution
		Debug|Any CPU = Debug|Any CPU
		Release|Any CPU = Release|Any CPU
	EndGlobalSection
	GlobalSection(ProjectConfigurationPlatforms) = postSolution
		{83D4E75C-277A-4A72-8779-D64CF4C7A7E1}.Debug|Any CPU.ActiveCfg = Debug|Any CPU
		{83D4E75C-277A-4A72-8779-D64CF4C7A7E1}.Debug|Any CPU.Build.0 = Debug|Any CPU
		{83D4E75C-277A-4A72-8779-D64CF4C7A7E1}.Release|Any CPU.ActiveCfg = Release|Any CPU
		{83D4E75C-277A-4A72-8779-D64CF4C7A7E1}.Release|Any CPU.Build.0 = Release|Any CPU
	EndGlobalSection
	GlobalSection(SolutionProperties) = preSolution
		HideSolutionNode = FALSE
	EndGlobalSection
	GlobalSection(ExtensibilityGlobals) = postSolution
		SolutionGuid = {A34E3CCE-1713-49D7-B17C-88CA33995E73}
	EndGlobalSection
EndGlobal
